
Microsoft Visual Studio Solution File, Format Version 12.00
# Visual Studio Version 17
VisualStudioVersion = 17.5.002.0
MinimumVisualStudioVersion = 10.0.40219.1
Project("{9A19103F-16F7-4668-BE54-9A1E7A4F7556}") = "TImViTriTrongMang", "TImViTriTrongMang.csproj", "{2C1B1883-5684-40A6-8FC3-296567A8B1FF}"
EndProject
Global
	GlobalSection(SolutionConfigurationPlatforms) = preSolution
		Debug|Any CPU = Debug|Any CPU
		Release|Any CPU = Release|Any CPU
	EndGlobalSection
	GlobalSection(ProjectConfigurationPlatforms) = postSolution
		{2C1B1883-5684-40A6-8FC3-296567A8B1FF}.Debug|Any CPU.ActiveCfg = Debug|Any CPU
		{2C1B1883-5684-40A6-8FC3-296567A8B1FF}.Debug|Any CPU.Build.0 = Debug|Any CPU
		{2C1B1883-5684-40A6-8FC3-296567A8B1FF}.Release|Any CPU.ActiveCfg = Release|Any CPU
		{2C1B1883-5684-40A6-8FC3-296567A8B1FF}.Release|Any CPU.Build.0 = Release|Any CPU
	EndGlobalSection
	GlobalSection(SolutionProperties) = preSolution
		HideSolutionNode = FALSE
	EndGlobalSection
	GlobalSection(ExtensibilityGlobals) = postSolution
		SolutionGuid = {35C1ADC5-EA7E-4B49-A9D9-7C15780F3F94}
	EndGlobalSection
EndGlobal
